<?xml version="1.0" encoding="utf-8"?>
<Project ToolsVersion="4.0" xmlns="http://schemas.microsoft.com/developer/msbuild/2003">
  <ItemGroup>
    <Filter Include="Common">
      <UniqueIdentifier>a74c51c8-b4f9-4858-ab91-71ad8bf186f7</UniqueIdentifier>
    </Filter>
    <Filter Include="Assets">
      <UniqueIdentifier>28bcd2e3-4fa0-41b8-bdba-4274afcbb50b</UniqueIdentifier>
      <Extensions>ico;cur;bmp;dds;dlg;fbx;rct;bin;rgs;gif;jpg;jpeg;jpe;resx;tga;tiff;tif;png;wav;mfcribbon-ms</Extensions>
    </Filter>
    <Filter Include="GameState">
      <UniqueIdentifier>{7be98b88-9e38-493e-b79c-c84bc2baabed}</UniqueIdentifier>
    </Filter>
    <Filter Include="Debug">
      <UniqueIdentifier>{4cd7c34f-fec0-45b2-9fd9-12c58e43c7c4}</UniqueIdentifier>
    </Filter>
    <Filter Include="Component">
      <UniqueIdentifier>{b6c51db6-b93e-431c-a697-cc651f775324}</UniqueIdentifier>
    </Filter>
    <Filter Include="GameObject">
      <UniqueIdentifier>{c721aaa6-d3a0-4661-9667-b2ab026f4612}</UniqueIdentifier>
    </Filter>
    <Filter Include="Component\Interface">
      <UniqueIdentifier>{e78d78ab-ec74-4bf7-8d8a-015b60a0bd7e}</UniqueIdentifier>
    </Filter>
    <Filter Include="Component\Collider">
      <UniqueIdentifier>{5f452687-be7a-4cd4-9268-a1b8231e882e}</UniqueIdentifier>
    </Filter>
    <Filter Include="Component\Collider\Interface">
      <UniqueIdentifier>{e39aaeed-78cc-466c-aea3-5f6cdd63835a}</UniqueIdentifier>
    </Filter>
    <Filter Include="Manager">
      <UniqueIdentifier>{f0d77ba5-b265-4cb3-a05c-349b6a910edf}</UniqueIdentifier>
    </Filter>
    <Filter Include="Manager\CollisionManager">
      <UniqueIdentifier>{5fbf57a2-2e07-45dc-b3f8-81533368e189}</UniqueIdentifier>
    </Filter>
    <Filter Include="Manager\GameObjectManager">
      <UniqueIdentifier>{5cc0ad47-9fa7-458c-a2b9-ffcc17fd7692}</UniqueIdentifier>
    </Filter>
    <Filter Include="Camera">
      <UniqueIdentifier>{df77dabc-91e8-4ba8-8ce0-707c7047e468}</UniqueIdentifier>
    </Filter>
    <Filter Include="GameObject\Character">
      <UniqueIdentifier>{d2164ac1-47cb-4c30-b12b-3aed4a04f9bd}</UniqueIdentifier>
    </Filter>
    <Filter Include="GameObject\Character\Player">
      <UniqueIdentifier>{cd4a2e1f-6464-4fab-b4cf-26308e8c9c14}</UniqueIdentifier>
    </Filter>
    <Filter Include="GameObject\Character\CharacterState">
      <UniqueIdentifier>{dd29b122-ff1c-48ec-9750-43121dd77744}</UniqueIdentifier>
    </Filter>
    <Filter Include="Manager\StateManager">
      <UniqueIdentifier>{eaca71aa-0cea-45ef-8bc6-5ff1d3753808}</UniqueIdentifier>
    </Filter>
    <Filter Include="GameObject\Map">
      <UniqueIdentifier>{286592d3-2aa0-4287-a1a6-21270affcfbe}</UniqueIdentifier>
    </Filter>
    <Filter Include="GameObject\Character\Enemy">
      <UniqueIdentifier>{112dc147-abb8-4599-993a-cd8c55077902}</UniqueIdentifier>
    </Filter>
    <Filter Include="AI">
      <UniqueIdentifier>{099cd762-1c06-4df6-935f-4ce73062cb14}</UniqueIdentifier>
    </Filter>
    <Filter Include="Audio">
      <UniqueIdentifier>{ddea10d7-a63b-46da-bf34-95fe4cec8870}</UniqueIdentifier>
    </Filter>
    <Filter Include="GameObject\CoinItem">
      <UniqueIdentifier>{0d0df751-8896-411e-9290-82659941a0ea}</UniqueIdentifier>
    </Filter>
  </ItemGroup>
  <ItemGroup>
    <ClInclude Include="pch.h" />
    <ClInclude Include="Game.h" />
    <ClInclude Include="StepTimer.h">
      <Filter>Common</Filter>
    </ClInclude>
    <ClInclude Include="DeviceResources.h">
      <Filter>Common</Filter>
    </ClInclude>
    <ClInclude Include="GameContext.h">
      <Filter>Common</Filter>
    </ClInclude>
    <ClInclude Include="DebugFont.h">
      <Filter>Debug</Filter>
    </ClInclude>
    <ClInclude Include="Utilities.h">
      <Filter>Common</Filter>
    </ClInclude>
    <ClInclude Include="GameObject.h">
      <Filter>GameObject</Filter>
    </ClInclude>
    <ClInclude Include="Component.h">
      <Filter>Component\Interface</Filter>
    </ClInclude>
    <ClInclude Include="Collider.h">
      <Filter>Component\Collider\Interface</Filter>
    </ClInclude>
    <ClInclude Include="BoxCollider.h">
      <Filter>Component\Collider</Filter>
    </ClInclude>
    <ClInclude Include="SphereCollider.h">
      <Filter>Component\Collider</Filter>
    </ClInclude>
    <ClInclude Include="CollisionManager.h">
      <Filter>Manager\CollisionManager</Filter>
    </ClInclude>
    <ClInclude Include="GameObjectManager.h">
      <Filter>Manager\GameObjectManager</Filter>
    </ClInclude>
    <ClInclude Include="FollowCamera.h">
      <Filter>Camera</Filter>
    </ClInclude>
    <ClInclude Include="Player.h">
      <Filter>GameObject\Character\Player</Filter>
    </ClInclude>
    <ClInclude Include="CharacterState.h">
      <Filter>GameObject\Character\CharacterState</Filter>
    </ClInclude>
    <ClInclude Include="GameStateManager.h">
      <Filter>Manager\StateManager</Filter>
    </ClInclude>
    <ClInclude Include="GameState.h">
      <Filter>GameState</Filter>
    </ClInclude>
    <ClInclude Include="PauseState.h">
      <Filter>GameState</Filter>
    </ClInclude>
    <ClInclude Include="PlayState.h">
      <Filter>GameState</Filter>
    </ClInclude>
    <ClInclude Include="TitleState.h">
      <Filter>GameState</Filter>
    </ClInclude>
    <ClInclude Include="MoveState.h">
      <Filter>GameObject\Character\Player</Filter>
    </ClInclude>
    <ClInclude Include="StandState.h">
      <Filter>GameObject\Character\Player</Filter>
    </ClInclude>
    <ClInclude Include="ModelMap.h">
      <Filter>GameObject\Map</Filter>
    </ClInclude>
    <ClInclude Include="TiledMap.h">
      <Filter>GameObject\Map</Filter>
    </ClInclude>
    <ClInclude Include="Building.h">
      <Filter>GameObject\Map</Filter>
    </ClInclude>
    <ClInclude Include="Floor.h">
      <Filter>GameObject\Map</Filter>
    </ClInclude>
    <ClInclude Include="Rigidbody.h">
      <Filter>Component</Filter>
    </ClInclude>
    <ClInclude Include="Transform.h">
      <Filter>Component</Filter>
    </ClInclude>
    <ClInclude Include="KnockBackState.h">
      <Filter>GameObject\Character\Player</Filter>
    </ClInclude>
    <ClInclude Include="MapPosition.h">
      <Filter>Component</Filter>
    </ClInclude>
    <ClInclude Include="Enemy.h">
      <Filter>GameObject\Character\Enemy</Filter>
    </ClInclude>
    <ClInclude Include="Chasing.h">
      <Filter>GameObject\Character\Enemy</Filter>
    </ClInclude>
    <ClInclude Include="Idling.h">
      <Filter>GameObject\Character\Enemy</Filter>
    </ClInclude>
    <ClInclude Include="Searching.h">
      <Filter>GameObject\Character\Enemy</Filter>
    </ClInclude>
    <ClInclude Include="A_Star.h">
      <Filter>AI</Filter>
    </ClInclude>
    <ClInclude Include="Node.h">
      <Filter>AI</Filter>
    </ClInclude>
    <ClInclude Include="RandomState.h">
      <Filter>GameObject\Character\Enemy</Filter>
    </ClInclude>
    <ClInclude Include="RayCollider.h">
      <Filter>Component\Collider</Filter>
    </ClInclude>
    <ClInclude Include="ADX2LE\Adx2Le.h">
      <Filter>Audio</Filter>
    </ClInclude>
    <ClInclude Include="Coin.h">
      <Filter>GameObject\CoinItem</Filter>
    </ClInclude>
    <ClInclude Include="Goal.h">
      <Filter>GameObject\Map</Filter>
    </ClInclude>
    <ClInclude Include="ResultState.h">
      <Filter>GameState</Filter>
    </ClInclude>
    <ClInclude Include="DrawingOff.h">
      <Filter>GameObject\Character\Player</Filter>
    </ClInclude>
  </ItemGroup>
  <ItemGroup>
    <ClCompile Include="pch.cpp" />
    <ClCompile Include="Game.cpp" />
    <ClCompile Include="Main.cpp" />
    <ClCompile Include="DeviceResources.cpp">
      <Filter>Common</Filter>
    </ClCompile>
    <ClCompile Include="GameStateManager.cpp">
      <Filter>Manager\StateManager</Filter>
    </ClCompile>
    <ClCompile Include="DebugFont.cpp">
      <Filter>Debug</Filter>
    </ClCompile>
    <ClCompile Include="GameObject.cpp">
      <Filter>GameObject</Filter>
    </ClCompile>
    <ClCompile Include="Component.cpp">
      <Filter>Component\Interface</Filter>
    </ClCompile>
    <ClCompile Include="Collider.cpp">
      <Filter>Component\Collider\Interface</Filter>
    </ClCompile>
    <ClCompile Include="BoxCollider.cpp">
      <Filter>Component\Collider</Filter>
    </ClCompile>
    <ClCompile Include="SphereCollider.cpp">
      <Filter>Component\Collider</Filter>
    </ClCompile>
    <ClCompile Include="CollisionManager.cpp">
      <Filter>Manager\CollisionManager</Filter>
    </ClCompile>
    <ClCompile Include="GameObjectManager.cpp">
      <Filter>Manager\GameObjectManager</Filter>
    </ClCompile>
    <ClCompile Include="FollowCamera.cpp">
      <Filter>Camera</Filter>
    </ClCompile>
    <ClCompile Include="Player.cpp">
      <Filter>GameObject\Character\Player</Filter>
    </ClCompile>
    <ClCompile Include="PauseState.cpp">
      <Filter>GameState</Filter>
    </ClCompile>
    <ClCompile Include="PlayState.cpp">
      <Filter>GameState</Filter>
    </ClCompile>
    <ClCompile Include="TitleState.cpp">
      <Filter>GameState</Filter>
    </ClCompile>
    <ClCompile Include="MoveState.cpp">
      <Filter>GameObject\Character\Player</Filter>
    </ClCompile>
    <ClCompile Include="StandState.cpp">
      <Filter>GameObject\Character\Player</Filter>
    </ClCompile>
    <ClCompile Include="ModelMap.cpp">
      <Filter>GameObject\Map</Filter>
    </ClCompile>
    <ClCompile Include="TiledMap.cpp">
      <Filter>GameObject\Map</Filter>
    </ClCompile>
    <ClCompile Include="Building.cpp">
      <Filter>GameObject\Map</Filter>
    </ClCompile>
    <ClCompile Include="Floor.cpp">
      <Filter>GameObject\Map</Filter>
    </ClCompile>
    <ClCompile Include="Rigidbody.cpp">
      <Filter>Component</Filter>
    </ClCompile>
    <ClCompile Include="Transform.cpp">
      <Filter>Component</Filter>
    </ClCompile>
    <ClCompile Include="KnockBackState.cpp">
      <Filter>GameObject\Character\Player</Filter>
    </ClCompile>
    <ClCompile Include="MapPosition.cpp">
      <Filter>Component</Filter>
    </ClCompile>
    <ClCompile Include="Enemy.cpp">
      <Filter>GameObject\Character\Enemy</Filter>
    </ClCompile>
    <ClCompile Include="Chasing.cpp">
      <Filter>GameObject\Character\Enemy</Filter>
    </ClCompile>
    <ClCompile Include="Idling.cpp">
      <Filter>GameObject\Character\Enemy</Filter>
    </ClCompile>
    <ClCompile Include="Searching.cpp">
      <Filter>GameObject\Character\Enemy</Filter>
    </ClCompile>
    <ClCompile Include="A_Star.cpp">
      <Filter>AI</Filter>
    </ClCompile>
    <ClCompile Include="RandomState.cpp">
      <Filter>GameObject\Character\Enemy</Filter>
    </ClCompile>
    <ClCompile Include="RayCollider.cpp">
      <Filter>Component\Collider</Filter>
    </ClCompile>
    <ClCompile Include="ADX2LE\Adx2Le.cpp">
      <Filter>Audio</Filter>
    </ClCompile>
    <ClCompile Include="Coin.cpp">
      <Filter>GameObject\CoinItem</Filter>
    </ClCompile>
    <ClCompile Include="Goal.cpp">
      <Filter>GameObject\Map</Filter>
    </ClCompile>
    <ClCompile Include="ResultState.cpp">
      <Filter>GameState</Filter>
    </ClCompile>
    <ClCompile Include="DrawingOff.cpp">
      <Filter>GameObject\Character\Player</Filter>
    </ClCompile>
  </ItemGroup>
  <ItemGroup>
    <ResourceCompile Include="resource.rc" />
  </ItemGroup>
  <ItemGroup>
    <Image Include="directx.ico">
      <Filter>Assets</Filter>
    </Image>
  </ItemGroup>
  <ItemGroup>
    <Manifest Include="settings.manifest">
      <Filter>Assets</Filter>
    </Manifest>
  </ItemGroup>
  <ItemGroup>
    <MeshContentTask Include="Resources\Models\skydoom.FBX">
      <Filter>Assets</Filter>
    </MeshContentTask>
    <MeshContentTask Include="Resources\Models\humanoid.FBX">
      <Filter>Assets</Filter>
    </MeshContentTask>
    <MeshContentTask Include="Resources\Models\Enemy.FBX">
      <Filter>Assets</Filter>
    </MeshContentTask>
    <MeshContentTask Include="Resources\Models\Coin.FBX">
      <Filter>Assets</Filter>
    </MeshContentTask>
    <MeshContentTask Include="Resources\Models\Village_Gate.fbx">
      <Filter>Assets</Filter>
    </MeshContentTask>
  </ItemGroup>
  <ItemGroup>
    <None Include="Resources\StageData\map.csv">
      <Filter>Assets</Filter>
    </None>
  </ItemGroup>
</Project>